
Microsoft Visual Studio Solution File, Format Version 12.00
# Visual Studio Version 17
VisualStudioVersion = 17.12.35707.178 d17.12
MinimumVisualStudioVersion = 10.0.40219.1
Project("{8BC9CEB8-8B4A-11D0-8D11-00A0C91BC942}") = "rps33", "rps33\rps33.vcxproj", "{4BEE585F-9756-4D4B-B350-529464BB441F}"
EndProject
Project("{8BC9CEB8-8B4A-11D0-8D11-00A0C91BC942}") = "rps33_tests", "rps33_tests\rps33_tests.vcxproj", "{D7B6D4B3-6C1C-4E8C-8F23-2B0C4A7F5C11}"
EndProject
Global
	GlobalSection(SolutionConfigurationPlatforms) = preSolution
		Debug|x64 = Debug|x64
		Debug|x86 = Debug|x86
		Release|x64 = Release|x64
		Release|x86 = Release|x86
	EndGlobalSection
	GlobalSection(ProjectConfigurationPlatforms) = postSolution
		{4BEE585F-9756-4D4B-B350-529464BB441F}.Debug|x64.ActiveCfg = Debug|x64
		{4BEE585F-9756-4D4B-B350-529464BB441F}.Debug|x64.Build.0 = Debug|x64
		{4BEE585F-9756-4D4B-B350-529464BB441F}.Debug|x86.ActiveCfg = Debug|Win32
		{4BEE585F-9756-4D4B-B350-529464BB441F}.Debug|x86.Build.0 = Debug|Win32
		{4BEE585F-9756-4D4B-B350-529464BB441F}.Release|x64.ActiveCfg = Release|x64
		{4BEE585F-9756-4D4B-B350-529464BB441F}.Release|x64.Build.0 = Release|x64
		{4BEE585F-9756-4D4B-B350-529464BB441F}.Release|x86.ActiveCfg = Release|Win32
		{4BEE585F-9756-4D4B-B350-529464BB441F}.Release|x86.Build.0 = Release|Win32
		{D7B6D4B3-6C1C-4E8C-8F23-2B0C4A7F5C11}.Debug|x64.ActiveCfg = Debug|x64
		{D7B6D4B3-6C1C-4E8C-8F23-2B0C4A7F5C11}.Debug|x64.Build.0 = Debug|x64
		{D7B6D4B3-6C1C-4E8C-8F23-2B0C4A7F5C11}.Debug|x86.ActiveCfg = Debug|x64
		{D7B6D4B3-6C1C-4E8C-8F23-2B0C4A7F5C11}.Release|x64.ActiveCfg = Release|x64
		{D7B6D4B3-6C1C-4E8C-8F23-2B0C4A7F5C11}.Release|x64.Build.0 = Release|x64
		{D7B6D4B3-6C1C-4E8C-8F23-2B0C4A7F5C11}.Release|x86.ActiveCfg = Release|x64
	EndGlobalSection
	GlobalSection(SolutionProperties) = preSolution
		HideSolutionNode = FALSE
	EndGlobalSection
EndGlobal
